
Microsoft Visual Studio Solution File, Format Version 12.00
# Visual Studio Version 16
VisualStudioVersion = 16.0.32413.511
MinimumVisualStudioVersion = 10.0.40219.1
Project("{FAE04EC0-301F-11D3-BF4B-00C04F79EFBC}") = "SampleProject", "SampleProject\SampleProject.csproj", "{FCC0B1F0-9998-45B7-9483-F328AF0C1073}"
EndProject
Global
	GlobalSection(SolutionConfigurationPlatforms) = preSolution
		Debug|Any CPU = Debug|Any CPU
		Release|Any CPU = Release|Any CPU
	EndGlobalSection
	GlobalSection(ProjectConfigurationPlatforms) = postSolution
		{FCC0B1F0-9998-45B7-9483-F328AF0C1073}.Debug|Any CPU.ActiveCfg = Debug|Any CPU
		{FCC0B1F0-9998-45B7-9483-F328AF0C1073}.Debug|Any CPU.Build.0 = Debug|Any CPU
		{FCC0B1F0-9998-45B7-9483-F328AF0C1073}.Release|Any CPU.ActiveCfg = Release|Any CPU
		{FCC0B1F0-9998-45B7-9483-F328AF0C1073}.Release|Any CPU.Build.0 = Release|Any CPU
	EndGlobalSection
	GlobalSection(SolutionProperties) = preSolution
		HideSolutionNode = FALSE
	EndGlobalSection
	GlobalSection(ExtensibilityGlobals) = postSolution
		SolutionGuid = {939C64E6-2783-430C-9C23-4DB48274A93F}
	EndGlobalSection
EndGlobal
